// !$*UTF8*$!
{
	archiveVersion = 1;
	classes = {
	};
	objectVersion = 46;
	objects = {

/* Begin PBXBuildFile section */
		EC8C8A4E15D2E496009612B8 /* main.cpp in Sources */ = {isa = PBXBuildFile; fileRef = EC8C8A4D15D2E496009612B8 /* main.cpp */; };
		EC8C8A5A15D2EBD6009612B8 /* SimpleSocket.cpp in Sources */ = {isa = PBXBuildFile; fileRef = EC8C8A5915D2EBD6009612B8 /* SimpleSocket.cpp */; };
		ECE3296915D309AA001948F5 /* IRCSession.cpp in Sources */ = {isa = PBXBuildFile; fileRef = ECE3296815D309AA001948F5 /* IRCSession.cpp */; };
/* End PBXBuildFile section */

/* Begin PBXCopyFilesBuildPhase section */
		EC8C8A4715D2E496009612B8 /* CopyFiles */ = {
			isa = PBXCopyFilesBuildPhase;
			buildActionMask = 2147483647;
			dstPath = /usr/share/man/man1/;
			dstSubfolderSpec = 0;
			files = (
			);
			runOnlyForDeploymentPostprocessing = 1;
		};
/* End PBXCopyFilesBuildPhase section */

/* Begin PBXFileReference section */
		EC8C8A4915D2E496009612B8 /* Bwee */ = {isa = PBXFileReference; explicitFileType = "compiled.mach-o.executable"; includeInIndex = 0; path = Bwee; sourceTree = BUILT_PRODUCTS_DIR; };
		EC8C8A4D15D2E496009612B8 /* main.cpp */ = {isa = PBXFileReference; lastKnownFileType = sourcecode.cpp.cpp; path = main.cpp; sourceTree = "<group>"; };
		EC8C8A5615D2E4D2009612B8 /* SimpleSocket.h */ = {isa = PBXFileReference; fileEncoding = 4; lastKnownFileType = sourcecode.c.h; path = SimpleSocket.h; sourceTree = "<group>"; };
		EC8C8A5715D2E521009612B8 /* Common.h */ = {isa = PBXFileReference; fileEncoding = 4; lastKnownFileType = sourcecode.c.h; path = Common.h; sourceTree = "<group>"; };
		EC8C8A5815D2E7F8009612B8 /* Util.h */ = {isa = PBXFileReference; fileEncoding = 4; lastKnownFileType = sourcecode.c.h; path = Util.h; sourceTree = "<group>"; };
		EC8C8A5915D2EBD6009612B8 /* SimpleSocket.cpp */ = {isa = PBXFileReference; fileEncoding = 4; lastKnownFileType = sourcecode.cpp.cpp; path = SimpleSocket.cpp; sourceTree = "<group>"; };
		ECE3296615D30996001948F5 /* IRCSession.h */ = {isa = PBXFileReference; fileEncoding = 4; lastKnownFileType = sourcecode.c.h; path = IRCSession.h; sourceTree = "<group>"; };
		ECE3296815D309AA001948F5 /* IRCSession.cpp */ = {isa = PBXFileReference; fileEncoding = 4; lastKnownFileType = sourcecode.cpp.cpp; path = IRCSession.cpp; sourceTree = "<group>"; };
/* End PBXFileReference section */

/* Begin PBXFrameworksBuildPhase section */
		EC8C8A4615D2E496009612B8 /* Frameworks */ = {
			isa = PBXFrameworksBuildPhase;
			buildActionMask = 2147483647;
			files = (
			);
			runOnlyForDeploymentPostprocessing = 0;
		};
/* End PBXFrameworksBuildPhase section */

/* Begin PBXGroup section */
		EC8C8A3E15D2E496009612B8 = {
			isa = PBXGroup;
			children = (
				EC8C8A4C15D2E496009612B8 /* Bwee */,
				EC8C8A4A15D2E496009612B8 /* Products */,
			);
			sourceTree = "<group>";
		};
		EC8C8A4A15D2E496009612B8 /* Products */ = {
			isa = PBXGroup;
			children = (
				EC8C8A4915D2E496009612B8 /* Bwee */,
			);
			name = Products;
			sourceTree = "<group>";
		};
		EC8C8A4C15D2E496009612B8 /* Bwee */ = {
			isa = PBXGroup;
			children = (
				EC8C8A4D15D2E496009612B8 /* main.cpp */,
				EC8C8A5615D2E4D2009612B8 /* SimpleSocket.h */,
				EC8C8A5715D2E521009612B8 /* Common.h */,
				EC8C8A5815D2E7F8009612B8 /* Util.h */,
				EC8C8A5915D2EBD6009612B8 /* SimpleSocket.cpp */,
				ECE3296615D30996001948F5 /* IRCSession.h */,
				ECE3296815D309AA001948F5 /* IRCSession.cpp */,
			);
			path = Bwee;
			sourceTree = "<group>";
		};
/* End PBXGroup section */

/* Begin PBXNativeTarget section */
		EC8C8A4815D2E496009612B8 /* Bwee */ = {
			isa = PBXNativeTarget;
			buildConfigurationList = EC8C8A5315D2E496009612B8 /* Build configuration list for PBXNativeTarget "Bwee" */;
			buildPhases = (
				EC8C8A4515D2E496009612B8 /* Sources */,
				EC8C8A4615D2E496009612B8 /* Frameworks */,
				EC8C8A4715D2E496009612B8 /* CopyFiles */,
			);
			buildRules = (
			);
			dependencies = (
			);
			name = Bwee;
			productName = Bwee;
			productReference = EC8C8A4915D2E496009612B8 /* Bwee */;
			productType = "com.apple.product-type.tool";
		};
/* End PBXNativeTarget section */

/* Begin PBXProject section */
		EC8C8A4015D2E496009612B8 /* Project object */ = {
			isa = PBXProject;
			attributes = {
				LastUpgradeCheck = 0430;
				ORGANIZATIONNAME = PureSend;
			};
			buildConfigurationList = EC8C8A4315D2E496009612B8 /* Build configuration list for PBXProject "Bwee" */;
			compatibilityVersion = "Xcode 3.2";
			developmentRegion = English;
			hasScannedForEncodings = 0;
			knownRegions = (
				en,
			);
			mainGroup = EC8C8A3E15D2E496009612B8;
			productRefGroup = EC8C8A4A15D2E496009612B8 /* Products */;
			projectDirPath = "";
			projectRoot = "";
			targets = (
				EC8C8A4815D2E496009612B8 /* Bwee */,
			);
		};
/* End PBXProject section */

/* Begin PBXSourcesBuildPhase section */
		EC8C8A4515D2E496009612B8 /* Sources */ = {
			isa = PBXSourcesBuildPhase;
			buildActionMask = 2147483647;
			files = (
				EC8C8A4E15D2E496009612B8 /* main.cpp in Sources */,
				EC8C8A5A15D2EBD6009612B8 /* SimpleSocket.cpp in Sources */,
				ECE3296915D309AA001948F5 /* IRCSession.cpp in Sources */,
			);
			runOnlyForDeploymentPostprocessing = 0;
		};
/* End PBXSourcesBuildPhase section */

/* Begin XCBuildConfiguration section */
		EC8C8A5115D2E496009612B8 /* Debug */ = {
			isa = XCBuildConfiguration;
			buildSettings = {
				ALWAYS_SEARCH_USER_PATHS = NO;
				ARCHS = "$(ARCHS_STANDARD_64_BIT)";
				COPY_PHASE_STRIP = NO;
				GCC_C_LANGUAGE_STANDARD = gnu99;
				GCC_DYNAMIC_NO_PIC = NO;
				GCC_ENABLE_OBJC_EXCEPTIONS = YES;
				GCC_OPTIMIZATION_LEVEL = 0;
				GCC_PREPROCESSOR_DEFINITIONS = (
					"DEBUG=1",
					"$(inherited)",
				);
				GCC_SYMBOLS_PRIVATE_EXTERN = NO;
				GCC_VERSION = com.apple.compilers.llvm.clang.1_0;
				GCC_WARN_64_TO_32_BIT_CONVERSION = YES;
				GCC_WARN_ABOUT_RETURN_TYPE = YES;
				GCC_WARN_UNINITIALIZED_AUTOS = YES;
				GCC_WARN_UNUSED_VARIABLE = YES;
				MACOSX_DEPLOYMENT_TARGET = 10.7;
				ONLY_ACTIVE_ARCH = YES;
				SDKROOT = macosx;
			};
			name = Debug;
		};
		EC8C8A5215D2E496009612B8 /* Release */ = {
			isa = XCBuildConfiguration;
			buildSettings = {
				ALWAYS_SEARCH_USER_PATHS = NO;
				ARCHS = "$(ARCHS_STANDARD_64_BIT)";
				COPY_PHASE_STRIP = YES;
				DEBUG_INFORMATION_FORMAT = "dwarf-with-dsym";
				GCC_C_LANGUAGE_STANDARD = gnu99;
				GCC_ENABLE_OBJC_EXCEPTIONS = YES;
				GCC_VERSION = com.apple.compilers.llvm.clang.1_0;
				GCC_WARN_64_TO_32_BIT_CONVERSION = YES;
				GCC_WARN_ABOUT_RETURN_TYPE = YES;
				GCC_WARN_UNINITIALIZED_AUTOS = YES;
				GCC_WARN_UNUSED_VARIABLE = YES;
				MACOSX_DEPLOYMENT_TARGET = 10.7;
				SDKROOT = macosx;
			};
			name = Release;
		};
		EC8C8A5415D2E496009612B8 /* Debug */ = {
			isa = XCBuildConfiguration;
			buildSettings = {
				PRODUCT_NAME = "$(TARGET_NAME)";
			};
			name = Debug;
		};
		EC8C8A5515D2E496009612B8 /* Release */ = {
			isa = XCBuildConfiguration;
			buildSettings = {
				PRODUCT_NAME = "$(TARGET_NAME)";
			};
			name = Release;
		};
/* End XCBuildConfiguration section */

/* Begin XCConfigurationList section */
		EC8C8A4315D2E496009612B8 /* Build configuration list for PBXProject "Bwee" */ = {
			isa = XCConfigurationList;
			buildConfigurations = (
				EC8C8A5115D2E496009612B8 /* Debug */,
				EC8C8A5215D2E496009612B8 /* Release */,
			);
			defaultConfigurationIsVisible = 0;
			defaultConfigurationName = Release;
		};
		EC8C8A5315D2E496009612B8 /* Build configuration list for PBXNativeTarget "Bwee" */ = {
			isa = XCConfigurationList;
			buildConfigurations = (
				EC8C8A5415D2E496009612B8 /* Debug */,
				EC8C8A5515D2E496009612B8 /* Release */,
			);
			defaultConfigurationIsVisible = 0;
			defaultConfigurationName = Release;
		};
/* End XCConfigurationList section */
	};
	rootObject = EC8C8A4015D2E496009612B8 /* Project object */;
}
