// !$*UTF8*$!
{
	archiveVersion = 1;
	classes = {
	};
	objectVersion = 46;
	objects = {

/* Begin PBXBuildFile section */
		EC8C8A4E15D2E496009612B8 /* main.cpp in Sources */ = {isa = PBXBuildFile; fileRef = EC8C8A4D15D2E496009612B8 /* main.cpp */; };
		EC8C8A5A15D2EBD6009612B8 /* SimpleSocket.cpp in Sources */ = {isa = PBXBuildFile; fileRef = EC8C8A5915D2EBD6009612B8 /* SimpleSocket.cpp */; };
		ECE3296915D309AA001948F5 /* IRCSession.cpp in Sources */ = {isa = PBXBuildFile; fileRef = ECE3296815D309AA001948F5 /* IRCSession.cpp */; };
		ECE3296D15D56321001948F5 /* MessageFactory.cpp in Sources */ = {isa = PBXBuildFile; fileRef = ECE3296A15D56321001948F5 /* MessageFactory.cpp */; };
		ECE3296E15D56321001948F5 /* MessageHandler.cpp in Sources */ = {isa = PBXBuildFile; fileRef = ECE3296C15D56321001948F5 /* MessageHandler.cpp */; };
		ECE329FC15D60982001948F5 /* liblua.a in Frameworks */ = {isa = PBXBuildFile; fileRef = ECE3298715D607F1001948F5 /* liblua.a */; };
		ECE329FF15D609B6001948F5 /* ScriptInterface.cpp in Sources */ = {isa = PBXBuildFile; fileRef = ECE329FD15D609B6001948F5 /* ScriptInterface.cpp */; };
		ECE32A0215D60A82001948F5 /* main.lua in CopyFiles */ = {isa = PBXBuildFile; fileRef = ECE32A0115D60A7B001948F5 /* main.lua */; };
/* End PBXBuildFile section */

/* Begin PBXContainerItemProxy section */
		ECE3298615D607F1001948F5 /* PBXContainerItemProxy */ = {
			isa = PBXContainerItemProxy;
			containerPortal = ECE3298215D607F0001948F5 /* lua.xcodeproj */;
			proxyType = 2;
			remoteGlobalIDString = ECE3297B15D607F0001948F5;
			remoteInfo = lua;
		};
		ECE329FA15D60978001948F5 /* PBXContainerItemProxy */ = {
			isa = PBXContainerItemProxy;
			containerPortal = ECE3298215D607F0001948F5 /* lua.xcodeproj */;
			proxyType = 1;
			remoteGlobalIDString = ECE3297A15D607F0001948F5;
			remoteInfo = lua;
		};
/* End PBXContainerItemProxy section */

/* Begin PBXCopyFilesBuildPhase section */
		EC8C8A4715D2E496009612B8 /* CopyFiles */ = {
			isa = PBXCopyFilesBuildPhase;
			buildActionMask = 12;
			dstPath = scripts;
			dstSubfolderSpec = 16;
			files = (
				ECE32A0215D60A82001948F5 /* main.lua in CopyFiles */,
			);
			runOnlyForDeploymentPostprocessing = 0;
		};
/* End PBXCopyFilesBuildPhase section */

/* Begin PBXFileReference section */
		EC8C8A4915D2E496009612B8 /* Bwee */ = {isa = PBXFileReference; explicitFileType = "compiled.mach-o.executable"; includeInIndex = 0; path = Bwee; sourceTree = BUILT_PRODUCTS_DIR; };
		EC8C8A4D15D2E496009612B8 /* main.cpp */ = {isa = PBXFileReference; lastKnownFileType = sourcecode.cpp.cpp; path = main.cpp; sourceTree = "<group>"; };
		EC8C8A5615D2E4D2009612B8 /* SimpleSocket.h */ = {isa = PBXFileReference; fileEncoding = 4; lastKnownFileType = sourcecode.c.h; path = SimpleSocket.h; sourceTree = "<group>"; };
		EC8C8A5715D2E521009612B8 /* Common.h */ = {isa = PBXFileReference; fileEncoding = 4; lastKnownFileType = sourcecode.c.h; path = Common.h; sourceTree = "<group>"; };
		EC8C8A5815D2E7F8009612B8 /* Util.h */ = {isa = PBXFileReference; fileEncoding = 4; lastKnownFileType = sourcecode.c.h; path = Util.h; sourceTree = "<group>"; };
		EC8C8A5915D2EBD6009612B8 /* SimpleSocket.cpp */ = {isa = PBXFileReference; fileEncoding = 4; lastKnownFileType = sourcecode.cpp.cpp; path = SimpleSocket.cpp; sourceTree = "<group>"; };
		ECE3296615D30996001948F5 /* IRCSession.h */ = {isa = PBXFileReference; fileEncoding = 4; lastKnownFileType = sourcecode.c.h; path = IRCSession.h; sourceTree = "<group>"; };
		ECE3296815D309AA001948F5 /* IRCSession.cpp */ = {isa = PBXFileReference; fileEncoding = 4; lastKnownFileType = sourcecode.cpp.cpp; path = IRCSession.cpp; sourceTree = "<group>"; };
		ECE3296A15D56321001948F5 /* MessageFactory.cpp */ = {isa = PBXFileReference; fileEncoding = 4; lastKnownFileType = sourcecode.cpp.cpp; path = MessageFactory.cpp; sourceTree = "<group>"; };
		ECE3296B15D56321001948F5 /* MessageFactory.h */ = {isa = PBXFileReference; fileEncoding = 4; lastKnownFileType = sourcecode.c.h; path = MessageFactory.h; sourceTree = "<group>"; };
		ECE3296C15D56321001948F5 /* MessageHandler.cpp */ = {isa = PBXFileReference; fileEncoding = 4; lastKnownFileType = sourcecode.cpp.cpp; path = MessageHandler.cpp; sourceTree = "<group>"; };
		ECE3296F15D5A7D2001948F5 /* MessageTypes.h */ = {isa = PBXFileReference; fileEncoding = 4; lastKnownFileType = sourcecode.c.h; path = MessageTypes.h; sourceTree = "<group>"; };
		ECE3298215D607F0001948F5 /* lua.xcodeproj */ = {isa = PBXFileReference; lastKnownFileType = "wrapper.pb-project"; name = lua.xcodeproj; path = Bwee/lua/lua/lua.xcodeproj; sourceTree = "<group>"; };
		ECE329FD15D609B6001948F5 /* ScriptInterface.cpp */ = {isa = PBXFileReference; fileEncoding = 4; lastKnownFileType = sourcecode.cpp.cpp; path = ScriptInterface.cpp; sourceTree = "<group>"; };
		ECE329FE15D609B6001948F5 /* ScriptInterface.h */ = {isa = PBXFileReference; fileEncoding = 4; lastKnownFileType = sourcecode.c.h; path = ScriptInterface.h; sourceTree = "<group>"; };
		ECE32A0115D60A7B001948F5 /* main.lua */ = {isa = PBXFileReference; lastKnownFileType = text; path = main.lua; sourceTree = "<group>"; };
/* End PBXFileReference section */

/* Begin PBXFrameworksBuildPhase section */
		EC8C8A4615D2E496009612B8 /* Frameworks */ = {
			isa = PBXFrameworksBuildPhase;
			buildActionMask = 2147483647;
			files = (
				ECE329FC15D60982001948F5 /* liblua.a in Frameworks */,
			);
			runOnlyForDeploymentPostprocessing = 0;
		};
/* End PBXFrameworksBuildPhase section */

/* Begin PBXGroup section */
		EC8C8A3E15D2E496009612B8 = {
			isa = PBXGroup;
			children = (
				ECE32A0015D60A7B001948F5 /* scripts */,
				ECE3298215D607F0001948F5 /* lua.xcodeproj */,
				EC8C8A4C15D2E496009612B8 /* Bwee */,
				EC8C8A4A15D2E496009612B8 /* Products */,
			);
			sourceTree = "<group>";
		};
		EC8C8A4A15D2E496009612B8 /* Products */ = {
			isa = PBXGroup;
			children = (
				EC8C8A4915D2E496009612B8 /* Bwee */,
			);
			name = Products;
			sourceTree = "<group>";
		};
		EC8C8A4C15D2E496009612B8 /* Bwee */ = {
			isa = PBXGroup;
			children = (
				ECE329FD15D609B6001948F5 /* ScriptInterface.cpp */,
				ECE329FE15D609B6001948F5 /* ScriptInterface.h */,
				ECE3296F15D5A7D2001948F5 /* MessageTypes.h */,
				ECE3296A15D56321001948F5 /* MessageFactory.cpp */,
				ECE3296B15D56321001948F5 /* MessageFactory.h */,
				ECE3296C15D56321001948F5 /* MessageHandler.cpp */,
				EC8C8A4D15D2E496009612B8 /* main.cpp */,
				EC8C8A5615D2E4D2009612B8 /* SimpleSocket.h */,
				EC8C8A5715D2E521009612B8 /* Common.h */,
				EC8C8A5815D2E7F8009612B8 /* Util.h */,
				EC8C8A5915D2EBD6009612B8 /* SimpleSocket.cpp */,
				ECE3296615D30996001948F5 /* IRCSession.h */,
				ECE3296815D309AA001948F5 /* IRCSession.cpp */,
			);
			path = Bwee;
			sourceTree = "<group>";
		};
		ECE3298315D607F0001948F5 /* Products */ = {
			isa = PBXGroup;
			children = (
				ECE3298715D607F1001948F5 /* liblua.a */,
			);
			name = Products;
			sourceTree = "<group>";
		};
		ECE32A0015D60A7B001948F5 /* scripts */ = {
			isa = PBXGroup;
			children = (
				ECE32A0115D60A7B001948F5 /* main.lua */,
			);
			name = scripts;
			path = Bwee/scripts;
			sourceTree = "<group>";
		};
/* End PBXGroup section */

/* Begin PBXNativeTarget section */
		EC8C8A4815D2E496009612B8 /* Bwee */ = {
			isa = PBXNativeTarget;
			buildConfigurationList = EC8C8A5315D2E496009612B8 /* Build configuration list for PBXNativeTarget "Bwee" */;
			buildPhases = (
				EC8C8A4515D2E496009612B8 /* Sources */,
				EC8C8A4615D2E496009612B8 /* Frameworks */,
				EC8C8A4715D2E496009612B8 /* CopyFiles */,
			);
			buildRules = (
			);
			dependencies = (
				ECE329FB15D60978001948F5 /* PBXTargetDependency */,
			);
			name = Bwee;
			productName = Bwee;
			productReference = EC8C8A4915D2E496009612B8 /* Bwee */;
			productType = "com.apple.product-type.tool";
		};
/* End PBXNativeTarget section */

/* Begin PBXProject section */
		EC8C8A4015D2E496009612B8 /* Project object */ = {
			isa = PBXProject;
			attributes = {
				LastUpgradeCheck = 0430;
				ORGANIZATIONNAME = PureSend;
			};
			buildConfigurationList = EC8C8A4315D2E496009612B8 /* Build configuration list for PBXProject "Bwee" */;
			compatibilityVersion = "Xcode 3.2";
			developmentRegion = English;
			hasScannedForEncodings = 0;
			knownRegions = (
				en,
			);
			mainGroup = EC8C8A3E15D2E496009612B8;
			productRefGroup = EC8C8A4A15D2E496009612B8 /* Products */;
			projectDirPath = "";
			projectReferences = (
				{
					ProductGroup = ECE3298315D607F0001948F5 /* Products */;
					ProjectRef = ECE3298215D607F0001948F5 /* lua.xcodeproj */;
				},
			);
			projectRoot = "";
			targets = (
				EC8C8A4815D2E496009612B8 /* Bwee */,
			);
		};
/* End PBXProject section */

/* Begin PBXReferenceProxy section */
		ECE3298715D607F1001948F5 /* liblua.a */ = {
			isa = PBXReferenceProxy;
			fileType = archive.ar;
			path = liblua.a;
			remoteRef = ECE3298615D607F1001948F5 /* PBXContainerItemProxy */;
			sourceTree = BUILT_PRODUCTS_DIR;
		};
/* End PBXReferenceProxy section */

/* Begin PBXSourcesBuildPhase section */
		EC8C8A4515D2E496009612B8 /* Sources */ = {
			isa = PBXSourcesBuildPhase;
			buildActionMask = 2147483647;
			files = (
				EC8C8A4E15D2E496009612B8 /* main.cpp in Sources */,
				EC8C8A5A15D2EBD6009612B8 /* SimpleSocket.cpp in Sources */,
				ECE3296915D309AA001948F5 /* IRCSession.cpp in Sources */,
				ECE3296D15D56321001948F5 /* MessageFactory.cpp in Sources */,
				ECE3296E15D56321001948F5 /* MessageHandler.cpp in Sources */,
				ECE329FF15D609B6001948F5 /* ScriptInterface.cpp in Sources */,
			);
			runOnlyForDeploymentPostprocessing = 0;
		};
/* End PBXSourcesBuildPhase section */

/* Begin PBXTargetDependency section */
		ECE329FB15D60978001948F5 /* PBXTargetDependency */ = {
			isa = PBXTargetDependency;
			name = lua;
			targetProxy = ECE329FA15D60978001948F5 /* PBXContainerItemProxy */;
		};
/* End PBXTargetDependency section */

/* Begin XCBuildConfiguration section */
		EC8C8A5115D2E496009612B8 /* Debug */ = {
			isa = XCBuildConfiguration;
			buildSettings = {
				ALWAYS_SEARCH_USER_PATHS = NO;
				ARCHS = "$(ARCHS_STANDARD_64_BIT)";
				COPY_PHASE_STRIP = NO;
				GCC_C_LANGUAGE_STANDARD = gnu99;
				GCC_DYNAMIC_NO_PIC = NO;
				GCC_ENABLE_OBJC_EXCEPTIONS = YES;
				GCC_OPTIMIZATION_LEVEL = 0;
				GCC_PREPROCESSOR_DEFINITIONS = (
					"DEBUG=1",
					"$(inherited)",
				);
				GCC_SYMBOLS_PRIVATE_EXTERN = NO;
				GCC_VERSION = com.apple.compilers.llvm.clang.1_0;
				GCC_WARN_64_TO_32_BIT_CONVERSION = YES;
				GCC_WARN_ABOUT_RETURN_TYPE = YES;
				GCC_WARN_UNINITIALIZED_AUTOS = YES;
				GCC_WARN_UNUSED_VARIABLE = YES;
				MACOSX_DEPLOYMENT_TARGET = 10.7;
				ONLY_ACTIVE_ARCH = YES;
				SDKROOT = macosx;
			};
			name = Debug;
		};
		EC8C8A5215D2E496009612B8 /* Release */ = {
			isa = XCBuildConfiguration;
			buildSettings = {
				ALWAYS_SEARCH_USER_PATHS = NO;
				ARCHS = "$(ARCHS_STANDARD_64_BIT)";
				COPY_PHASE_STRIP = YES;
				DEBUG_INFORMATION_FORMAT = "dwarf-with-dsym";
				GCC_C_LANGUAGE_STANDARD = gnu99;
				GCC_ENABLE_OBJC_EXCEPTIONS = YES;
				GCC_VERSION = com.apple.compilers.llvm.clang.1_0;
				GCC_WARN_64_TO_32_BIT_CONVERSION = YES;
				GCC_WARN_ABOUT_RETURN_TYPE = YES;
				GCC_WARN_UNINITIALIZED_AUTOS = YES;
				GCC_WARN_UNUSED_VARIABLE = YES;
				MACOSX_DEPLOYMENT_TARGET = 10.7;
				SDKROOT = macosx;
			};
			name = Release;
		};
		EC8C8A5415D2E496009612B8 /* Debug */ = {
			isa = XCBuildConfiguration;
			buildSettings = {
				PRODUCT_NAME = "$(TARGET_NAME)";
			};
			name = Debug;
		};
		EC8C8A5515D2E496009612B8 /* Release */ = {
			isa = XCBuildConfiguration;
			buildSettings = {
				PRODUCT_NAME = "$(TARGET_NAME)";
			};
			name = Release;
		};
/* End XCBuildConfiguration section */

/* Begin XCConfigurationList section */
		EC8C8A4315D2E496009612B8 /* Build configuration list for PBXProject "Bwee" */ = {
			isa = XCConfigurationList;
			buildConfigurations = (
				EC8C8A5115D2E496009612B8 /* Debug */,
				EC8C8A5215D2E496009612B8 /* Release */,
			);
			defaultConfigurationIsVisible = 0;
			defaultConfigurationName = Release;
		};
		EC8C8A5315D2E496009612B8 /* Build configuration list for PBXNativeTarget "Bwee" */ = {
			isa = XCConfigurationList;
			buildConfigurations = (
				EC8C8A5415D2E496009612B8 /* Debug */,
				EC8C8A5515D2E496009612B8 /* Release */,
			);
			defaultConfigurationIsVisible = 0;
			defaultConfigurationName = Release;
		};
/* End XCConfigurationList section */
	};
	rootObject = EC8C8A4015D2E496009612B8 /* Project object */;
}
